// !$*UTF8*$!
{
	archiveVersion = 1;
	classes = {
	};
	objectVersion = 46;
	objects = {

/* Begin PBXBuildFile section */
		CE0DD1F81DEC66A90095D591 /* SectionHeaderProtocols.swift in Sources */ = {isa = PBXBuildFile; fileRef = CE0DD1F71DEC66A90095D591 /* SectionHeaderProtocols.swift */; };
		CE0DD1FA1DEC69960095D591 /* DateFormatterExtension.swift in Sources */ = {isa = PBXBuildFile; fileRef = CE0DD1F91DEC69960095D591 /* DateFormatterExtension.swift */; };
		CE46DE981D990E1F001D47D9 /* TableViewDataSourceProxy.swift in Sources */ = {isa = PBXBuildFile; fileRef = CE46DE971D990E1F001D47D9 /* TableViewDataSourceProxy.swift */; };
		CE46DE9A1D99429A001D47D9 /* DataProtocols.swift in Sources */ = {isa = PBXBuildFile; fileRef = CE46DE991D99429A001D47D9 /* DataProtocols.swift */; };
		CE46DE9C1D994428001D47D9 /* ConfiguringProtocols.swift in Sources */ = {isa = PBXBuildFile; fileRef = CE46DE9B1D994428001D47D9 /* ConfiguringProtocols.swift */; };
		CE46DE9E1D994500001D47D9 /* TableViewProtocols.swift in Sources */ = {isa = PBXBuildFile; fileRef = CE46DE9D1D994500001D47D9 /* TableViewProtocols.swift */; };
		CE46DEA01D994C19001D47D9 /* TableViewProtocolsTests.swift in Sources */ = {isa = PBXBuildFile; fileRef = CE46DE9F1D994C19001D47D9 /* TableViewProtocolsTests.swift */; };
		CE7BC99C1D48BB4C007D181B /* WARPServices.h in Headers */ = {isa = PBXBuildFile; fileRef = CE7BC99B1D48BB4C007D181B /* WARPServices.h */; settings = {ATTRIBUTES = (Public, ); }; };
		CE7BC9A31D48BB4C007D181B /* WARPServices.framework in Frameworks */ = {isa = PBXBuildFile; fileRef = CE7BC9981D48BB4C007D181B /* WARPServices.framework */; };
		CE7BC9B31D48BC50007D181B /* SegueHandler.swift in Sources */ = {isa = PBXBuildFile; fileRef = CE7BC9B21D48BC50007D181B /* SegueHandler.swift */; };
		CE866F5A1D81896600B5A9DD /* ColorExtension.swift in Sources */ = {isa = PBXBuildFile; fileRef = CE866F591D81896600B5A9DD /* ColorExtension.swift */; };
		CEF7ACAD1DE5EEBD00D2F1EA /* NavigationCoordinator.swift in Sources */ = {isa = PBXBuildFile; fileRef = CEF7ACAC1DE5EEBD00D2F1EA /* NavigationCoordinator.swift */; };
/* End PBXBuildFile section */

/* Begin PBXContainerItemProxy section */
		CE7BC9A41D48BB4C007D181B /* PBXContainerItemProxy */ = {
			isa = PBXContainerItemProxy;
			containerPortal = CE7BC98F1D48BB4C007D181B /* Project object */;
			proxyType = 1;
			remoteGlobalIDString = CE7BC9971D48BB4C007D181B;
			remoteInfo = WARPServices;
		};
/* End PBXContainerItemProxy section */

/* Begin PBXFileReference section */
		CE0DD1F71DEC66A90095D591 /* SectionHeaderProtocols.swift */ = {isa = PBXFileReference; fileEncoding = 4; lastKnownFileType = sourcecode.swift; path = SectionHeaderProtocols.swift; sourceTree = "<group>"; };
		CE0DD1F91DEC69960095D591 /* DateFormatterExtension.swift */ = {isa = PBXFileReference; fileEncoding = 4; lastKnownFileType = sourcecode.swift; path = DateFormatterExtension.swift; sourceTree = "<group>"; };
		CE46DE971D990E1F001D47D9 /* TableViewDataSourceProxy.swift */ = {isa = PBXFileReference; fileEncoding = 4; lastKnownFileType = sourcecode.swift; path = TableViewDataSourceProxy.swift; sourceTree = "<group>"; };
		CE46DE991D99429A001D47D9 /* DataProtocols.swift */ = {isa = PBXFileReference; fileEncoding = 4; lastKnownFileType = sourcecode.swift; path = DataProtocols.swift; sourceTree = "<group>"; };
		CE46DE9B1D994428001D47D9 /* ConfiguringProtocols.swift */ = {isa = PBXFileReference; fileEncoding = 4; lastKnownFileType = sourcecode.swift; path = ConfiguringProtocols.swift; sourceTree = "<group>"; };
		CE46DE9D1D994500001D47D9 /* TableViewProtocols.swift */ = {isa = PBXFileReference; fileEncoding = 4; lastKnownFileType = sourcecode.swift; path = TableViewProtocols.swift; sourceTree = "<group>"; };
		CE46DE9F1D994C19001D47D9 /* TableViewProtocolsTests.swift */ = {isa = PBXFileReference; fileEncoding = 4; lastKnownFileType = sourcecode.swift; path = TableViewProtocolsTests.swift; sourceTree = "<group>"; };
		CE7BC9981D48BB4C007D181B /* WARPServices.framework */ = {isa = PBXFileReference; explicitFileType = wrapper.framework; includeInIndex = 0; path = WARPServices.framework; sourceTree = BUILT_PRODUCTS_DIR; };
		CE7BC99B1D48BB4C007D181B /* WARPServices.h */ = {isa = PBXFileReference; lastKnownFileType = sourcecode.c.h; path = WARPServices.h; sourceTree = "<group>"; };
		CE7BC99D1D48BB4C007D181B /* Info.plist */ = {isa = PBXFileReference; lastKnownFileType = text.plist.xml; path = Info.plist; sourceTree = "<group>"; };
		CE7BC9A21D48BB4C007D181B /* WARPServicesTests.xctest */ = {isa = PBXFileReference; explicitFileType = wrapper.cfbundle; includeInIndex = 0; path = WARPServicesTests.xctest; sourceTree = BUILT_PRODUCTS_DIR; };
		CE7BC9A91D48BB4C007D181B /* Info.plist */ = {isa = PBXFileReference; lastKnownFileType = text.plist.xml; path = Info.plist; sourceTree = "<group>"; };
		CE7BC9B21D48BC50007D181B /* SegueHandler.swift */ = {isa = PBXFileReference; fileEncoding = 4; lastKnownFileType = sourcecode.swift; path = SegueHandler.swift; sourceTree = "<group>"; };
		CE866F591D81896600B5A9DD /* ColorExtension.swift */ = {isa = PBXFileReference; fileEncoding = 4; lastKnownFileType = sourcecode.swift; path = ColorExtension.swift; sourceTree = "<group>"; };
		CEF7ACAC1DE5EEBD00D2F1EA /* NavigationCoordinator.swift */ = {isa = PBXFileReference; fileEncoding = 4; lastKnownFileType = sourcecode.swift; path = NavigationCoordinator.swift; sourceTree = "<group>"; };
/* End PBXFileReference section */

/* Begin PBXFrameworksBuildPhase section */
		CE7BC9941D48BB4C007D181B /* Frameworks */ = {
			isa = PBXFrameworksBuildPhase;
			buildActionMask = 2147483647;
			files = (
			);
			runOnlyForDeploymentPostprocessing = 0;
		};
		CE7BC99F1D48BB4C007D181B /* Frameworks */ = {
			isa = PBXFrameworksBuildPhase;
			buildActionMask = 2147483647;
			files = (
				CE7BC9A31D48BB4C007D181B /* WARPServices.framework in Frameworks */,
			);
			runOnlyForDeploymentPostprocessing = 0;
		};
/* End PBXFrameworksBuildPhase section */

/* Begin PBXGroup section */
		CE46DE961D990D96001D47D9 /* TableView */ = {
			isa = PBXGroup;
			children = (
				CE46DE971D990E1F001D47D9 /* TableViewDataSourceProxy.swift */,
				CE46DE9D1D994500001D47D9 /* TableViewProtocols.swift */,
				CE46DE991D99429A001D47D9 /* DataProtocols.swift */,
				CE46DE9B1D994428001D47D9 /* ConfiguringProtocols.swift */,
				CE0DD1F71DEC66A90095D591 /* SectionHeaderProtocols.swift */,
			);
			name = TableView;
			sourceTree = "<group>";
		};
		CE7BC98E1D48BB4C007D181B = {
			isa = PBXGroup;
			children = (
				CE7BC99A1D48BB4C007D181B /* WARPServices */,
				CE7BC9A61D48BB4C007D181B /* WARPServicesTests */,
				CE7BC9991D48BB4C007D181B /* Products */,
			);
			sourceTree = "<group>";
		};
		CE7BC9991D48BB4C007D181B /* Products */ = {
			isa = PBXGroup;
			children = (
				CE7BC9981D48BB4C007D181B /* WARPServices.framework */,
				CE7BC9A21D48BB4C007D181B /* WARPServicesTests.xctest */,
			);
			name = Products;
			sourceTree = "<group>";
		};
		CE7BC99A1D48BB4C007D181B /* WARPServices */ = {
			isa = PBXGroup;
			children = (
				CE7BC99B1D48BB4C007D181B /* WARPServices.h */,
				CE7BC9B21D48BC50007D181B /* SegueHandler.swift */,
				CE866F591D81896600B5A9DD /* ColorExtension.swift */,
				CE0DD1F91DEC69960095D591 /* DateFormatterExtension.swift */,
				CEF7ACAB1DE5EE3000D2F1EA /* NavigationCoordinator */,
				CE46DE961D990D96001D47D9 /* TableView */,
				CE7BC99D1D48BB4C007D181B /* Info.plist */,
			);
			path = WARPServices;
			sourceTree = "<group>";
		};
		CE7BC9A61D48BB4C007D181B /* WARPServicesTests */ = {
			isa = PBXGroup;
			children = (
				CE7BC9A91D48BB4C007D181B /* Info.plist */,
				CE46DE9F1D994C19001D47D9 /* TableViewProtocolsTests.swift */,
			);
			path = WARPServicesTests;
			sourceTree = "<group>";
		};
		CEF7ACAB1DE5EE3000D2F1EA /* NavigationCoordinator */ = {
			isa = PBXGroup;
			children = (
				CEF7ACAC1DE5EEBD00D2F1EA /* NavigationCoordinator.swift */,
			);
			name = NavigationCoordinator;
			sourceTree = "<group>";
		};
/* End PBXGroup section */

/* Begin PBXHeadersBuildPhase section */
		CE7BC9951D48BB4C007D181B /* Headers */ = {
			isa = PBXHeadersBuildPhase;
			buildActionMask = 2147483647;
			files = (
				CE7BC99C1D48BB4C007D181B /* WARPServices.h in Headers */,
			);
			runOnlyForDeploymentPostprocessing = 0;
		};
/* End PBXHeadersBuildPhase section */

/* Begin PBXNativeTarget section */
		CE7BC9971D48BB4C007D181B /* WARPServices */ = {
			isa = PBXNativeTarget;
			buildConfigurationList = CE7BC9AC1D48BB4C007D181B /* Build configuration list for PBXNativeTarget "WARPServices" */;
			buildPhases = (
				CE7BC9931D48BB4C007D181B /* Sources */,
				CE7BC9941D48BB4C007D181B /* Frameworks */,
				CE7BC9951D48BB4C007D181B /* Headers */,
				CE7BC9961D48BB4C007D181B /* Resources */,
			);
			buildRules = (
			);
			dependencies = (
			);
			name = WARPServices;
			productName = WARPServices;
			productReference = CE7BC9981D48BB4C007D181B /* WARPServices.framework */;
			productType = "com.apple.product-type.framework";
		};
		CE7BC9A11D48BB4C007D181B /* WARPServicesTests */ = {
			isa = PBXNativeTarget;
			buildConfigurationList = CE7BC9AF1D48BB4C007D181B /* Build configuration list for PBXNativeTarget "WARPServicesTests" */;
			buildPhases = (
				CE7BC99E1D48BB4C007D181B /* Sources */,
				CE7BC99F1D48BB4C007D181B /* Frameworks */,
				CE7BC9A01D48BB4C007D181B /* Resources */,
			);
			buildRules = (
			);
			dependencies = (
				CE7BC9A51D48BB4C007D181B /* PBXTargetDependency */,
			);
			name = WARPServicesTests;
			productName = WARPServicesTests;
			productReference = CE7BC9A21D48BB4C007D181B /* WARPServicesTests.xctest */;
			productType = "com.apple.product-type.bundle.unit-test";
		};
/* End PBXNativeTarget section */

/* Begin PBXProject section */
		CE7BC98F1D48BB4C007D181B /* Project object */ = {
			isa = PBXProject;
			attributes = {
				LastSwiftUpdateCheck = 0730;
				LastUpgradeCheck = 0800;
				ORGANIZATIONNAME = "Oleksii Dykan";
				TargetAttributes = {
					CE7BC9971D48BB4C007D181B = {
						CreatedOnToolsVersion = 7.3.1;
						LastSwiftMigration = 0800;
					};
					CE7BC9A11D48BB4C007D181B = {
						CreatedOnToolsVersion = 7.3.1;
						DevelopmentTeam = VLLVL72AJ4;
						LastSwiftMigration = 0800;
					};
				};
			};
			buildConfigurationList = CE7BC9921D48BB4C007D181B /* Build configuration list for PBXProject "WARPServices" */;
			compatibilityVersion = "Xcode 3.2";
			developmentRegion = English;
			hasScannedForEncodings = 0;
			knownRegions = (
				en,
			);
			mainGroup = CE7BC98E1D48BB4C007D181B;
			productRefGroup = CE7BC9991D48BB4C007D181B /* Products */;
			projectDirPath = "";
			projectRoot = "";
			targets = (
				CE7BC9971D48BB4C007D181B /* WARPServices */,
				CE7BC9A11D48BB4C007D181B /* WARPServicesTests */,
			);
		};
/* End PBXProject section */

/* Begin PBXResourcesBuildPhase section */
		CE7BC9961D48BB4C007D181B /* Resources */ = {
			isa = PBXResourcesBuildPhase;
			buildActionMask = 2147483647;
			files = (
			);
			runOnlyForDeploymentPostprocessing = 0;
		};
		CE7BC9A01D48BB4C007D181B /* Resources */ = {
			isa = PBXResourcesBuildPhase;
			buildActionMask = 2147483647;
			files = (
			);
			runOnlyForDeploymentPostprocessing = 0;
		};
/* End PBXResourcesBuildPhase section */

/* Begin PBXSourcesBuildPhase section */
		CE7BC9931D48BB4C007D181B /* Sources */ = {
			isa = PBXSourcesBuildPhase;
			buildActionMask = 2147483647;
			files = (
				CE46DE981D990E1F001D47D9 /* TableViewDataSourceProxy.swift in Sources */,
				CE0DD1FA1DEC69960095D591 /* DateFormatterExtension.swift in Sources */,
				CE46DE9A1D99429A001D47D9 /* DataProtocols.swift in Sources */,
				CE0DD1F81DEC66A90095D591 /* SectionHeaderProtocols.swift in Sources */,
				CEF7ACAD1DE5EEBD00D2F1EA /* NavigationCoordinator.swift in Sources */,
				CE46DE9C1D994428001D47D9 /* ConfiguringProtocols.swift in Sources */,
				CE46DE9E1D994500001D47D9 /* TableViewProtocols.swift in Sources */,
				CE7BC9B31D48BC50007D181B /* SegueHandler.swift in Sources */,
				CE866F5A1D81896600B5A9DD /* ColorExtension.swift in Sources */,
			);
			runOnlyForDeploymentPostprocessing = 0;
		};
		CE7BC99E1D48BB4C007D181B /* Sources */ = {
			isa = PBXSourcesBuildPhase;
			buildActionMask = 2147483647;
			files = (
				CE46DEA01D994C19001D47D9 /* TableViewProtocolsTests.swift in Sources */,
			);
			runOnlyForDeploymentPostprocessing = 0;
		};
/* End PBXSourcesBuildPhase section */

/* Begin PBXTargetDependency section */
		CE7BC9A51D48BB4C007D181B /* PBXTargetDependency */ = {
			isa = PBXTargetDependency;
			target = CE7BC9971D48BB4C007D181B /* WARPServices */;
			targetProxy = CE7BC9A41D48BB4C007D181B /* PBXContainerItemProxy */;
		};
/* End PBXTargetDependency section */

/* Begin XCBuildConfiguration section */
		CE7BC9AA1D48BB4C007D181B /* Debug */ = {
			isa = XCBuildConfiguration;
			buildSettings = {
				ALWAYS_SEARCH_USER_PATHS = NO;
				CLANG_ANALYZER_NONNULL = YES;
				CLANG_CXX_LANGUAGE_STANDARD = "gnu++0x";
				CLANG_CXX_LIBRARY = "libc++";
				CLANG_ENABLE_MODULES = YES;
				CLANG_ENABLE_OBJC_ARC = YES;
				CLANG_WARN_BOOL_CONVERSION = YES;
				CLANG_WARN_CONSTANT_CONVERSION = YES;
				CLANG_WARN_DIRECT_OBJC_ISA_USAGE = YES_ERROR;
				CLANG_WARN_EMPTY_BODY = YES;
				CLANG_WARN_ENUM_CONVERSION = YES;
				CLANG_WARN_INFINITE_RECURSION = YES;
				CLANG_WARN_INT_CONVERSION = YES;
				CLANG_WARN_OBJC_ROOT_CLASS = YES_ERROR;
				CLANG_WARN_SUSPICIOUS_MOVE = YES;
				CLANG_WARN_UNREACHABLE_CODE = YES;
				CLANG_WARN__DUPLICATE_METHOD_MATCH = YES;
				"CODE_SIGN_IDENTITY[sdk=iphoneos*]" = "iPhone Developer";
				COPY_PHASE_STRIP = NO;
				CURRENT_PROJECT_VERSION = 1;
				DEBUG_INFORMATION_FORMAT = dwarf;
				ENABLE_STRICT_OBJC_MSGSEND = YES;
				ENABLE_TESTABILITY = YES;
				GCC_C_LANGUAGE_STANDARD = gnu99;
				GCC_DYNAMIC_NO_PIC = NO;
				GCC_NO_COMMON_BLOCKS = YES;
				GCC_OPTIMIZATION_LEVEL = 0;
				GCC_PREPROCESSOR_DEFINITIONS = (
					"DEBUG=1",
					"$(inherited)",
				);
				GCC_WARN_64_TO_32_BIT_CONVERSION = YES;
				GCC_WARN_ABOUT_RETURN_TYPE = YES_ERROR;
				GCC_WARN_UNDECLARED_SELECTOR = YES;
				GCC_WARN_UNINITIALIZED_AUTOS = YES_AGGRESSIVE;
				GCC_WARN_UNUSED_FUNCTION = YES;
				GCC_WARN_UNUSED_VARIABLE = YES;
				IPHONEOS_DEPLOYMENT_TARGET = 9.3;
				MTL_ENABLE_DEBUG_INFO = YES;
				ONLY_ACTIVE_ARCH = YES;
				SDKROOT = iphoneos;
				SWIFT_OPTIMIZATION_LEVEL = "-Onone";
				TARGETED_DEVICE_FAMILY = "1,2";
				VERSIONING_SYSTEM = "apple-generic";
				VERSION_INFO_PREFIX = "";
			};
			name = Debug;
		};
		CE7BC9AB1D48BB4C007D181B /* Release */ = {
			isa = XCBuildConfiguration;
			buildSettings = {
				ALWAYS_SEARCH_USER_PATHS = NO;
				CLANG_ANALYZER_NONNULL = YES;
				CLANG_CXX_LANGUAGE_STANDARD = "gnu++0x";
				CLANG_CXX_LIBRARY = "libc++";
				CLANG_ENABLE_MODULES = YES;
				CLANG_ENABLE_OBJC_ARC = YES;
				CLANG_WARN_BOOL_CONVERSION = YES;
				CLANG_WARN_CONSTANT_CONVERSION = YES;
				CLANG_WARN_DIRECT_OBJC_ISA_USAGE = YES_ERROR;
				CLANG_WARN_EMPTY_BODY = YES;
				CLANG_WARN_ENUM_CONVERSION = YES;
				CLANG_WARN_INFINITE_RECURSION = YES;
				CLANG_WARN_INT_CONVERSION = YES;
				CLANG_WARN_OBJC_ROOT_CLASS = YES_ERROR;
				CLANG_WARN_SUSPICIOUS_MOVE = YES;
				CLANG_WARN_UNREACHABLE_CODE = YES;
				CLANG_WARN__DUPLICATE_METHOD_MATCH = YES;
				"CODE_SIGN_IDENTITY[sdk=iphoneos*]" = "iPhone Developer";
				COPY_PHASE_STRIP = NO;
				CURRENT_PROJECT_VERSION = 1;
				DEBUG_INFORMATION_FORMAT = "dwarf-with-dsym";
				ENABLE_NS_ASSERTIONS = NO;
				ENABLE_STRICT_OBJC_MSGSEND = YES;
				GCC_C_LANGUAGE_STANDARD = gnu99;
				GCC_NO_COMMON_BLOCKS = YES;
				GCC_WARN_64_TO_32_BIT_CONVERSION = YES;
				GCC_WARN_ABOUT_RETURN_TYPE = YES_ERROR;
				GCC_WARN_UNDECLARED_SELECTOR = YES;
				GCC_WARN_UNINITIALIZED_AUTOS = YES_AGGRESSIVE;
				GCC_WARN_UNUSED_FUNCTION = YES;
				GCC_WARN_UNUSED_VARIABLE = YES;
				IPHONEOS_DEPLOYMENT_TARGET = 9.3;
				MTL_ENABLE_DEBUG_INFO = NO;
				SDKROOT = iphoneos;
				SWIFT_OPTIMIZATION_LEVEL = "-Owholemodule";
				TARGETED_DEVICE_FAMILY = "1,2";
				VALIDATE_PRODUCT = YES;
				VERSIONING_SYSTEM = "apple-generic";
				VERSION_INFO_PREFIX = "";
			};
			name = Release;
		};
		CE7BC9AD1D48BB4C007D181B /* Debug */ = {
			isa = XCBuildConfiguration;
			buildSettings = {
				CLANG_ENABLE_MODULES = YES;
				"CODE_SIGN_IDENTITY[sdk=iphoneos*]" = "";
				DEFINES_MODULE = YES;
				DYLIB_COMPATIBILITY_VERSION = 1;
				DYLIB_CURRENT_VERSION = 1;
				DYLIB_INSTALL_NAME_BASE = "@rpath";
				INFOPLIST_FILE = WARPServices/Info.plist;
				INSTALL_PATH = "$(LOCAL_LIBRARY_DIR)/Frameworks";
				IPHONEOS_DEPLOYMENT_TARGET = 9.0;
				LD_RUNPATH_SEARCH_PATHS = "$(inherited) @executable_path/Frameworks @loader_path/Frameworks";
				PRODUCT_BUNDLE_IDENTIFIER = com.wearereasonablepeople.WARPServices;
				PRODUCT_NAME = "$(TARGET_NAME)";
				SKIP_INSTALL = YES;
				SWIFT_OPTIMIZATION_LEVEL = "-Onone";
				SWIFT_VERSION = 3.0;
			};
			name = Debug;
		};
		CE7BC9AE1D48BB4C007D181B /* Release */ = {
			isa = XCBuildConfiguration;
			buildSettings = {
				CLANG_ENABLE_MODULES = YES;
				"CODE_SIGN_IDENTITY[sdk=iphoneos*]" = "";
				DEFINES_MODULE = YES;
				DYLIB_COMPATIBILITY_VERSION = 1;
				DYLIB_CURRENT_VERSION = 1;
				DYLIB_INSTALL_NAME_BASE = "@rpath";
				INFOPLIST_FILE = WARPServices/Info.plist;
				INSTALL_PATH = "$(LOCAL_LIBRARY_DIR)/Frameworks";
				IPHONEOS_DEPLOYMENT_TARGET = 9.0;
				LD_RUNPATH_SEARCH_PATHS = "$(inherited) @executable_path/Frameworks @loader_path/Frameworks";
				PRODUCT_BUNDLE_IDENTIFIER = com.wearereasonablepeople.WARPServices;
				PRODUCT_NAME = "$(TARGET_NAME)";
				SKIP_INSTALL = YES;
				SWIFT_VERSION = 3.0;
			};
			name = Release;
		};
		CE7BC9B01D48BB4C007D181B /* Debug */ = {
			isa = XCBuildConfiguration;
			buildSettings = {
				CLANG_ENABLE_MODULES = YES;
				DEVELOPMENT_TEAM = VLLVL72AJ4;
				INFOPLIST_FILE = WARPServicesTests/Info.plist;
				LD_RUNPATH_SEARCH_PATHS = "$(inherited) @executable_path/Frameworks @loader_path/Frameworks";
				PRODUCT_BUNDLE_IDENTIFIER = com.wearereasonablepeople.WARPServicesTests;
				PRODUCT_NAME = "$(TARGET_NAME)";
				SWIFT_OPTIMIZATION_LEVEL = "-Onone";
				SWIFT_VERSION = 3.0;
			};
			name = Debug;
		};
		CE7BC9B11D48BB4C007D181B /* Release */ = {
			isa = XCBuildConfiguration;
			buildSettings = {
				CLANG_ENABLE_MODULES = YES;
				DEVELOPMENT_TEAM = VLLVL72AJ4;
				INFOPLIST_FILE = WARPServicesTests/Info.plist;
				LD_RUNPATH_SEARCH_PATHS = "$(inherited) @executable_path/Frameworks @loader_path/Frameworks";
				PRODUCT_BUNDLE_IDENTIFIER = com.wearereasonablepeople.WARPServicesTests;
				PRODUCT_NAME = "$(TARGET_NAME)";
				SWIFT_VERSION = 3.0;
			};
			name = Release;
		};
/* End XCBuildConfiguration section */

/* Begin XCConfigurationList section */
		CE7BC9921D48BB4C007D181B /* Build configuration list for PBXProject "WARPServices" */ = {
			isa = XCConfigurationList;
			buildConfigurations = (
				CE7BC9AA1D48BB4C007D181B /* Debug */,
				CE7BC9AB1D48BB4C007D181B /* Release */,
			);
			defaultConfigurationIsVisible = 0;
			defaultConfigurationName = Release;
		};
		CE7BC9AC1D48BB4C007D181B /* Build configuration list for PBXNativeTarget "WARPServices" */ = {
			isa = XCConfigurationList;
			buildConfigurations = (
				CE7BC9AD1D48BB4C007D181B /* Debug */,
				CE7BC9AE1D48BB4C007D181B /* Release */,
			);
			defaultConfigurationIsVisible = 0;
			defaultConfigurationName = Release;
		};
		CE7BC9AF1D48BB4C007D181B /* Build configuration list for PBXNativeTarget "WARPServicesTests" */ = {
			isa = XCConfigurationList;
			buildConfigurations = (
				CE7BC9B01D48BB4C007D181B /* Debug */,
				CE7BC9B11D48BB4C007D181B /* Release */,
			);
			defaultConfigurationIsVisible = 0;
			defaultConfigurationName = Release;
		};
/* End XCConfigurationList section */
	};
	rootObject = CE7BC98F1D48BB4C007D181B /* Project object */;
}
